{
  "nodes": {
    "darwin": {
      "inputs": {
        "nixpkgs": [
          "nixpkgs"
        ]
      },
      "locked": {
        "lastModified": 1772379624,
        "narHash": "sha256-NG9LLTWlz4YiaTAiRGChbrzbVxBfX+Auq4Ab/SWmk4A=",
        "owner": "LnL7",
        "repo": "nix-darwin",
        "rev": "52d061516108769656a8bd9c6e811c677ec5b462",
        "type": "github"
      },
      "original": {
        "owner": "LnL7",
        "repo": "nix-darwin",
        "type": "github"
      }
    },
    "flake-parts": {
      "inputs": {
        "nixpkgs-lib": [
          "nur",
          "nixpkgs"
        ]
      },
      "locked": {
        "lastModified": 1733312601,
        "narHash": "sha256-4pDvzqnegAfRkPwO3wmwBhVi/Sye1mzps0zHWYnP88c=",
        "owner": "hercules-ci",
        "repo": "flake-parts",
        "rev": "205b12d8b7cd4802fbcb8e8ef6a0f1408781a4f9",
        "type": "github"
      },
      "original": {
        "owner": "hercules-ci",
        "repo": "flake-parts",
        "type": "github"
      }
    },
    "home-manager": {
      "inputs": {
        "nixpkgs": [
          "nixpkgs"
        ]
      },
      "locked": {
        "lastModified": 1772845525,
        "narHash": "sha256-Dp5Ir2u4jJDGCgeMRviHvEQDe+U37hMxp6RSNOoMMPc=",
        "owner": "nix-community",
        "repo": "home-manager",
        "rev": "27b93804fbef1544cb07718d3f0a451f4c4cd6c0",
        "type": "github"
      },
      "original": {
        "owner": "nix-community",
        "repo": "home-manager",
        "type": "github"
      }
    },
    "nixpkgs": {
      "locked": {
        "lastModified": 1772736753,
        "narHash": "sha256-au/m3+EuBLoSzWUCb64a/MZq6QUtOV8oC0D9tY2scPQ=",
        "owner": "nixos",
        "repo": "nixpkgs",
        "rev": "917fec990948658ef1ccd07cef2a1ef060786846",
        "type": "github"
      },
      "original": {
        "owner": "nixos",
        "ref": "nixpkgs-unstable",
        "repo": "nixpkgs",
        "type": "github"
      }
    },
    "nur": {
      "inputs": {
        "flake-parts": "flake-parts",
        "nixpkgs": [
          "nixpkgs"
        ]
      },
      "locked": {
        "lastModified": 1772877320,
        "narHash": "sha256-KSX6e1/NMY1tF2CJrlSQhS5Pwp4VAU/M1o0lEG2dGmU=",
        "owner": "nix-community",
        "repo": "NUR",
        "rev": "73ddcced42469569c9ed9b151ca9d2c0f72612f2",
        "type": "github"
      },
      "original": {
        "owner": "nix-community",
        "repo": "NUR",
        "type": "github"
      }
    },
    "nvim-blame-src": {
      "flake": false,
      "locked": {
        "lastModified": 1770907480,
        "narHash": "sha256-R1Iz9Cr8F3uTyi3HfDvfnQ9vfxLKfypUt4DXKmu+lSQ=",
        "owner": "FabijanZulj",
        "repo": "blame.nvim",
        "rev": "179da7aaacce7c52874af636255ede72dd6fe796",
        "type": "github"
      },
      "original": {
        "owner": "FabijanZulj",
        "repo": "blame.nvim",
        "type": "github"
      }
    },
    "nvim-cronex-src": {
      "flake": false,
      "locked": {
        "lastModified": 1772847134,
        "narHash": "sha256-RYhdLa6vgYOFBhwxX44MNkILOUSu/ANJ3LZzrFgb3T0=",
        "owner": "fabridamicelli",
        "repo": "cronex.nvim",
        "rev": "d8d7e62df55633129e9fb23004507402a7f59c73",
        "type": "github"
      },
      "original": {
        "owner": "fabridamicelli",
        "repo": "cronex.nvim",
        "type": "github"
      }
    },
    "nvim-dadbod-ssh": {
      "flake": false,
      "locked": {
        "lastModified": 1716107841,
        "narHash": "sha256-AU7I/zqeTR0Im0URi35yfMSqjZZL3uQsjmZziUjaGkw=",
        "owner": "pbogut",
        "repo": "vim-dadbod-ssh",
        "rev": "9bce775ee76c3dd6d7508dcd9eb276b36133d710",
        "type": "github"
      },
      "original": {
        "owner": "pbogut",
        "repo": "vim-dadbod-ssh",
        "type": "github"
      }
    },
    "nvim-neotest-haskell-src": {
      "flake": false,
      "locked": {
        "lastModified": 1772325593,
        "narHash": "sha256-14VhbAercMSiHXtfRcoy1xe8VpShHXWGrvJKpUN93Mo=",
        "owner": "mrcjkb",
        "repo": "neotest-haskell",
        "rev": "732a258dd480b9dd71d76185600f3fc4426e92eb",
        "type": "github"
      },
      "original": {
        "owner": "mrcjkb",
        "repo": "neotest-haskell",
        "type": "github"
      }
    },
    "nvim-neotest-python-src": {
      "flake": false,
      "locked": {
        "lastModified": 1760352236,
        "narHash": "sha256-3rK561yVzrof0WKxsKfVPeOazShllkPRVqnguNQs/x4=",
        "owner": "nvim-neotest",
        "repo": "neotest-python",
        "rev": "b0d3a861bd85689d8ed73f0590c47963a7eb1bf9",
        "type": "github"
      },
      "original": {
        "owner": "nvim-neotest",
        "repo": "neotest-python",
        "type": "github"
      }
    },
    "nvim-neotest-src": {
      "flake": false,
      "locked": {
        "lastModified": 1762781168,
        "narHash": "sha256-UVXje4ENyKtLbL8lWrnacYdHFqE/rEiHkOhGzdwpN1U=",
        "owner": "appaquet",
        "repo": "neotest",
        "rev": "60adc368cf05d2079dd4f4f3139227d5e3f3a4a7",
        "type": "github"
      },
      "original": {
        "owner": "appaquet",
        "ref": "fix/add-subprocess-default-init-back",
        "repo": "neotest",
        "type": "github"
      }
    },
    "nvim-rustacenvim-src": {
      "flake": false,
      "locked": {
        "lastModified": 1772653557,
        "narHash": "sha256-7UTu+AKuGqPqZzM1WJ9s4qQklE27LEilaHO9vpCgC1o=",
        "owner": "mrcjkb",
        "repo": "rustaceanvim",
        "rev": "f2f0c1231a5b019dbc1fd6dafac1751c878925a3",
        "type": "github"
      },
      "original": {
        "owner": "mrcjkb",
        "repo": "rustaceanvim",
        "type": "github"
      }
    },
    "nvim-sqls-src": {
      "flake": false,
      "locked": {
        "lastModified": 1756851335,
        "narHash": "sha256-PLt4SjPBgTtxAghwffsNICQ0b5AQRrdCrZ7tEHccXIc=",
        "owner": "nanotee",
        "repo": "sqls.nvim",
        "rev": "bfb7b4090268f6163c408577070da4cc9d7450fd",
        "type": "github"
      },
      "original": {
        "owner": "nanotee",
        "repo": "sqls.nvim",
        "type": "github"
      }
    },
    "nvim-treesitter-kulala-http-src": {
      "flake": false,
      "locked": {
        "lastModified": 1770586837,
        "narHash": "sha256-e+6kEOW0lCFYgaju6DWeDHkX28wplR0H5O8T7nOWWjU=",
        "owner": "mistweaverco",
        "repo": "kulala.nvim",
        "rev": "6656c9d332735ca6a27725e0fb45a1715c4372d9",
        "type": "github"
      },
      "original": {
        "owner": "mistweaverco",
        "repo": "kulala.nvim",
        "type": "github"
      }
    },
    "root": {
      "inputs": {
        "darwin": "darwin",
        "home-manager": "home-manager",
        "nixpkgs": "nixpkgs",
        "nur": "nur",
        "vim-plugins": "vim-plugins"
      }
    },
    "vim-plugins": {
      "inputs": {
        "nvim-blame-src": "nvim-blame-src",
        "nvim-cronex-src": "nvim-cronex-src",
        "nvim-dadbod-ssh": "nvim-dadbod-ssh",
        "nvim-neotest-haskell-src": "nvim-neotest-haskell-src",
        "nvim-neotest-python-src": "nvim-neotest-python-src",
        "nvim-neotest-src": "nvim-neotest-src",
        "nvim-rustacenvim-src": "nvim-rustacenvim-src",
        "nvim-sqls-src": "nvim-sqls-src",
        "nvim-treesitter-kulala-http-src": "nvim-treesitter-kulala-http-src"
      },
      "locked": {
        "lastModified": 1763561928,
        "narHash": "sha256-qWrhK/y22WGB/O8/61QXklARfcthqCYoxIDcRYQrjf0=",
        "path": "/Users/nixypanda/.dotfiles/modules/nvim/plugins",
        "type": "path"
      },
      "original": {
        "path": "/Users/nixypanda/.dotfiles/modules/nvim/plugins",
        "type": "path"
      }
    }
  },
  "root": "root",
  "version": 7
}
