{
  "nodes": {
    "darwin": {
      "inputs": {
        "nixpkgs": [
          "nixpkgs"
        ]
      },
      "locked": {
        "lastModified": 1771371916,
        "narHash": "sha256-G14VTfmzzRYxAhtEBNanQgCNA++Cv0/9iV4h/lkqX9U=",
        "owner": "LnL7",
        "repo": "nix-darwin",
        "rev": "aff4c008cec17d6a6760949df641ca0ea9179cac",
        "type": "github"
      },
      "original": {
        "owner": "LnL7",
        "repo": "nix-darwin",
        "type": "github"
      }
    },
    "flake-parts": {
      "inputs": {
        "nixpkgs-lib": [
          "nur",
          "nixpkgs"
        ]
      },
      "locked": {
        "lastModified": 1733312601,
        "narHash": "sha256-4pDvzqnegAfRkPwO3wmwBhVi/Sye1mzps0zHWYnP88c=",
        "owner": "hercules-ci",
        "repo": "flake-parts",
        "rev": "205b12d8b7cd4802fbcb8e8ef6a0f1408781a4f9",
        "type": "github"
      },
      "original": {
        "owner": "hercules-ci",
        "repo": "flake-parts",
        "type": "github"
      }
    },
    "home-manager": {
      "inputs": {
        "nixpkgs": [
          "nixpkgs"
        ]
      },
      "locked": {
        "lastModified": 1771471179,
        "narHash": "sha256-XuP8HPzvt4+m9aKVeL9GdGNlTeyeDn3zEeUuorvrw88=",
        "owner": "nix-community",
        "repo": "home-manager",
        "rev": "2dedeb55b2c140d9a123ae931588e8903fe202ef",
        "type": "github"
      },
      "original": {
        "owner": "nix-community",
        "repo": "home-manager",
        "type": "github"
      }
    },
    "nixpkgs": {
      "locked": {
        "lastModified": 1771207753,
        "narHash": "sha256-b9uG8yN50DRQ6A7JdZBfzq718ryYrlmGgqkRm9OOwCE=",
        "owner": "nixos",
        "repo": "nixpkgs",
        "rev": "d1c15b7d5806069da59e819999d70e1cec0760bf",
        "type": "github"
      },
      "original": {
        "owner": "nixos",
        "ref": "nixpkgs-unstable",
        "repo": "nixpkgs",
        "type": "github"
      }
    },
    "nur": {
      "inputs": {
        "flake-parts": "flake-parts",
        "nixpkgs": [
          "nixpkgs"
        ]
      },
      "locked": {
        "lastModified": 1771493407,
        "narHash": "sha256-PLXySrQj3xb55qJKuRTawWTQzszkrnHEPTW/ZLkh/P0=",
        "owner": "nix-community",
        "repo": "NUR",
        "rev": "76609792a0b1d3d9e4c7628499456e357767b763",
        "type": "github"
      },
      "original": {
        "owner": "nix-community",
        "repo": "NUR",
        "type": "github"
      }
    },
    "nvim-blame-src": {
      "flake": false,
      "locked": {
        "lastModified": 1770907480,
        "narHash": "sha256-R1Iz9Cr8F3uTyi3HfDvfnQ9vfxLKfypUt4DXKmu+lSQ=",
        "owner": "FabijanZulj",
        "repo": "blame.nvim",
        "rev": "179da7aaacce7c52874af636255ede72dd6fe796",
        "type": "github"
      },
      "original": {
        "owner": "FabijanZulj",
        "repo": "blame.nvim",
        "type": "github"
      }
    },
    "nvim-cronex-src": {
      "flake": false,
      "locked": {
        "lastModified": 1771464767,
        "narHash": "sha256-lyePCLDej6Mc5rP5aXc5eLRwsON6VpkLCMxCr/UhjJA=",
        "owner": "fabridamicelli",
        "repo": "cronex.nvim",
        "rev": "b758225df1e350d507c9a896ed119d769b81727c",
        "type": "github"
      },
      "original": {
        "owner": "fabridamicelli",
        "repo": "cronex.nvim",
        "type": "github"
      }
    },
    "nvim-dadbod-ssh": {
      "flake": false,
      "locked": {
        "lastModified": 1716107841,
        "narHash": "sha256-AU7I/zqeTR0Im0URi35yfMSqjZZL3uQsjmZziUjaGkw=",
        "owner": "pbogut",
        "repo": "vim-dadbod-ssh",
        "rev": "9bce775ee76c3dd6d7508dcd9eb276b36133d710",
        "type": "github"
      },
      "original": {
        "owner": "pbogut",
        "repo": "vim-dadbod-ssh",
        "type": "github"
      }
    },
    "nvim-neotest-haskell-src": {
      "flake": false,
      "locked": {
        "lastModified": 1771331704,
        "narHash": "sha256-jDQ8U/By+Edn+WdKec4A1mKDWY9vUz1iZEWJw52mAxo=",
        "owner": "mrcjkb",
        "repo": "neotest-haskell",
        "rev": "0e6fd549b0906c23d8522faebab34072a4149ff9",
        "type": "github"
      },
      "original": {
        "owner": "mrcjkb",
        "repo": "neotest-haskell",
        "type": "github"
      }
    },
    "nvim-neotest-python-src": {
      "flake": false,
      "locked": {
        "lastModified": 1760352236,
        "narHash": "sha256-3rK561yVzrof0WKxsKfVPeOazShllkPRVqnguNQs/x4=",
        "owner": "nvim-neotest",
        "repo": "neotest-python",
        "rev": "b0d3a861bd85689d8ed73f0590c47963a7eb1bf9",
        "type": "github"
      },
      "original": {
        "owner": "nvim-neotest",
        "repo": "neotest-python",
        "type": "github"
      }
    },
    "nvim-neotest-src": {
      "flake": false,
      "locked": {
        "lastModified": 1762781168,
        "narHash": "sha256-UVXje4ENyKtLbL8lWrnacYdHFqE/rEiHkOhGzdwpN1U=",
        "owner": "appaquet",
        "repo": "neotest",
        "rev": "60adc368cf05d2079dd4f4f3139227d5e3f3a4a7",
        "type": "github"
      },
      "original": {
        "owner": "appaquet",
        "ref": "fix/add-subprocess-default-init-back",
        "repo": "neotest",
        "type": "github"
      }
    },
    "nvim-rustacenvim-src": {
      "flake": false,
      "locked": {
        "lastModified": 1771397608,
        "narHash": "sha256-t4XPhPSxnKrXxKfIWm7d1Jar8ytqO+PUw2tQugKIP+o=",
        "owner": "mrcjkb",
        "repo": "rustaceanvim",
        "rev": "13f7f5c46d2db0b8daee64a842d8faebfe9064c0",
        "type": "github"
      },
      "original": {
        "owner": "mrcjkb",
        "repo": "rustaceanvim",
        "type": "github"
      }
    },
    "nvim-sqls-src": {
      "flake": false,
      "locked": {
        "lastModified": 1756851335,
        "narHash": "sha256-PLt4SjPBgTtxAghwffsNICQ0b5AQRrdCrZ7tEHccXIc=",
        "owner": "nanotee",
        "repo": "sqls.nvim",
        "rev": "bfb7b4090268f6163c408577070da4cc9d7450fd",
        "type": "github"
      },
      "original": {
        "owner": "nanotee",
        "repo": "sqls.nvim",
        "type": "github"
      }
    },
    "nvim-treesitter-kulala-http-src": {
      "flake": false,
      "locked": {
        "lastModified": 1770586837,
        "narHash": "sha256-e+6kEOW0lCFYgaju6DWeDHkX28wplR0H5O8T7nOWWjU=",
        "owner": "mistweaverco",
        "repo": "kulala.nvim",
        "rev": "6656c9d332735ca6a27725e0fb45a1715c4372d9",
        "type": "github"
      },
      "original": {
        "owner": "mistweaverco",
        "repo": "kulala.nvim",
        "type": "github"
      }
    },
    "root": {
      "inputs": {
        "darwin": "darwin",
        "home-manager": "home-manager",
        "nixpkgs": "nixpkgs",
        "nur": "nur",
        "vim-plugins": "vim-plugins"
      }
    },
    "vim-plugins": {
      "inputs": {
        "nvim-blame-src": "nvim-blame-src",
        "nvim-cronex-src": "nvim-cronex-src",
        "nvim-dadbod-ssh": "nvim-dadbod-ssh",
        "nvim-neotest-haskell-src": "nvim-neotest-haskell-src",
        "nvim-neotest-python-src": "nvim-neotest-python-src",
        "nvim-neotest-src": "nvim-neotest-src",
        "nvim-rustacenvim-src": "nvim-rustacenvim-src",
        "nvim-sqls-src": "nvim-sqls-src",
        "nvim-treesitter-kulala-http-src": "nvim-treesitter-kulala-http-src"
      },
      "locked": {
        "lastModified": 1763561928,
        "narHash": "sha256-qWrhK/y22WGB/O8/61QXklARfcthqCYoxIDcRYQrjf0=",
        "path": "/Users/nixypanda/.dotfiles/modules/nvim/plugins",
        "type": "path"
      },
      "original": {
        "path": "/Users/nixypanda/.dotfiles/modules/nvim/plugins",
        "type": "path"
      }
    }
  },
  "root": "root",
  "version": 7
}
