{
  "nodes": {
    "cl-nix-lite": {
      "locked": {
        "lastModified": 1717972076,
        "narHash": "sha256-hnZEsDInTcsVSL5LBGDAZegAxVLBus/wiJh+sNM15zU=",
        "owner": "hraban",
        "repo": "cl-nix-lite",
        "rev": "cc920bfb0a6402d3871f470c98d65266126973e4",
        "type": "github"
      },
      "original": {
        "owner": "hraban",
        "repo": "cl-nix-lite",
        "type": "github"
      }
    },
    "crane": {
      "locked": {
        "lastModified": 1727974419,
        "narHash": "sha256-WD0//20h+2/yPGkO88d2nYbb23WMWYvnRyDQ9Dx4UHg=",
        "owner": "ipetkov",
        "repo": "crane",
        "rev": "37e4f9f0976cb9281cd3f0c70081e5e0ecaee93f",
        "type": "github"
      },
      "original": {
        "owner": "ipetkov",
        "repo": "crane",
        "type": "github"
      }
    },
    "darwin": {
      "inputs": {
        "nixpkgs": [
          "nixpkgs"
        ]
      },
      "locked": {
        "lastModified": 1728769175,
        "narHash": "sha256-KtE4F2wTzIpE6fI9diD5dDkUgGAt7IG80TnFqkCD8Ws=",
        "owner": "LnL7",
        "repo": "nix-darwin",
        "rev": "fd0e3ed30b75ddf7f3d94829d80a078b413b6244",
        "type": "github"
      },
      "original": {
        "owner": "LnL7",
        "repo": "nix-darwin",
        "type": "github"
      }
    },
    "flake-compat": {
      "flake": false,
      "locked": {
        "lastModified": 1697816753,
        "narHash": "sha256-40to80AEIyKCQI0xMKCeF5ePoIKTYgjVVCZeu4CnTxM=",
        "owner": "hraban",
        "repo": "flake-compat",
        "rev": "6025bade1336a36014639bc3f67eacc853dab78f",
        "type": "github"
      },
      "original": {
        "owner": "hraban",
        "ref": "fixed-output",
        "repo": "flake-compat",
        "type": "github"
      }
    },
    "flake-utils": {
      "inputs": {
        "systems": "systems"
      },
      "locked": {
        "lastModified": 1710146030,
        "narHash": "sha256-SZ5L6eA7HJ/nmkzGG7/ISclqe6oZdOZTNoesiInkXPQ=",
        "owner": "numtide",
        "repo": "flake-utils",
        "rev": "b1d9ab70662946ef0850d488da1c9019f3a9752a",
        "type": "github"
      },
      "original": {
        "id": "flake-utils",
        "type": "indirect"
      }
    },
    "flake-utils_2": {
      "inputs": {
        "systems": "systems_2"
      },
      "locked": {
        "lastModified": 1726560853,
        "narHash": "sha256-X6rJYSESBVr3hBoH0WbKE5KvhPU5bloyZ2L4K60/fPQ=",
        "owner": "numtide",
        "repo": "flake-utils",
        "rev": "c1dfcf08411b08f6b8615f7d8971a2bfa81d5e8a",
        "type": "github"
      },
      "original": {
        "owner": "numtide",
        "repo": "flake-utils",
        "type": "github"
      }
    },
    "home-manager": {
      "inputs": {
        "nixpkgs": [
          "nixpkgs"
        ]
      },
      "locked": {
        "lastModified": 1728726232,
        "narHash": "sha256-8ZWr1HpciQsrFjvPMvZl0W+b0dilZOqXPoKa2Ux36bc=",
        "owner": "nix-community",
        "repo": "home-manager",
        "rev": "d57112db877f07387ce7104b5ac346ede556d2d7",
        "type": "github"
      },
      "original": {
        "owner": "nix-community",
        "repo": "home-manager",
        "type": "github"
      }
    },
    "mac-app-util": {
      "inputs": {
        "cl-nix-lite": "cl-nix-lite",
        "flake-compat": "flake-compat",
        "flake-utils": "flake-utils",
        "nixpkgs": [
          "nixpkgs"
        ]
      },
      "locked": {
        "lastModified": 1727470707,
        "narHash": "sha256-BqkwZ2mvzn+COdfIuzllSzWmiaBwQktt4sw9slfwM70=",
        "owner": "hraban",
        "repo": "mac-app-util",
        "rev": "9c6bbe2a6a7ec647d03f64f0fadb874284f59eac",
        "type": "github"
      },
      "original": {
        "owner": "hraban",
        "repo": "mac-app-util",
        "type": "github"
      }
    },
    "nixpkgs": {
      "locked": {
        "lastModified": 1728538411,
        "narHash": "sha256-f0SBJz1eZ2yOuKUr5CA9BHULGXVSn6miBuUWdTyhUhU=",
        "owner": "nixos",
        "repo": "nixpkgs",
        "rev": "b69de56fac8c2b6f8fd27f2eca01dcda8e0a4221",
        "type": "github"
      },
      "original": {
        "owner": "nixos",
        "ref": "nixpkgs-unstable",
        "repo": "nixpkgs",
        "type": "github"
      }
    },
    "nixpkgs-firefox-darwin": {
      "inputs": {
        "nixpkgs": [
          "nixpkgs"
        ]
      },
      "locked": {
        "lastModified": 1728694479,
        "narHash": "sha256-NFFW6RrOTBuIk29LKtAO3MU5Y0ll7zAp9Skd9HvCGfs=",
        "owner": "bandithedoge",
        "repo": "nixpkgs-firefox-darwin",
        "rev": "8a3143c1ce147481db4463e71bc3b7002e6ebc56",
        "type": "github"
      },
      "original": {
        "owner": "bandithedoge",
        "repo": "nixpkgs-firefox-darwin",
        "type": "github"
      }
    },
    "nur": {
      "locked": {
        "lastModified": 1728769516,
        "narHash": "sha256-pAN1uxvHwCVU6gNiNxI08BKM8+feS3rSLqbECkHp9LI=",
        "owner": "nix-community",
        "repo": "NUR",
        "rev": "2783ec9ab9ea630d8f7657bee76cef81e0c125e6",
        "type": "github"
      },
      "original": {
        "owner": "nix-community",
        "repo": "NUR",
        "type": "github"
      }
    },
    "nvim-blame-src": {
      "flake": false,
      "locked": {
        "lastModified": 1724846762,
        "narHash": "sha256-9eI+4nv9vu0BlsuUk9n0d0k4jY4tu1RRO4yqItKwBkQ=",
        "owner": "FabijanZulj",
        "repo": "blame.nvim",
        "rev": "59cf695685c1d8d603d99b246cc8d42421937c09",
        "type": "github"
      },
      "original": {
        "owner": "FabijanZulj",
        "repo": "blame.nvim",
        "type": "github"
      }
    },
    "nvim-dadbod-ssh": {
      "flake": false,
      "locked": {
        "lastModified": 1716107841,
        "narHash": "sha256-AU7I/zqeTR0Im0URi35yfMSqjZZL3uQsjmZziUjaGkw=",
        "owner": "pbogut",
        "repo": "vim-dadbod-ssh",
        "rev": "9bce775ee76c3dd6d7508dcd9eb276b36133d710",
        "type": "github"
      },
      "original": {
        "owner": "pbogut",
        "repo": "vim-dadbod-ssh",
        "type": "github"
      }
    },
    "nvim-lsp-file-operations-src": {
      "flake": false,
      "locked": {
        "lastModified": 1718462620,
        "narHash": "sha256-FeqmybXQeZUHv/td2QTLxUZeWSblRhDqwDx9ih0A5DM=",
        "owner": "antosha417",
        "repo": "nvim-lsp-file-operations",
        "rev": "92a673de7ecaa157dd230d0128def10beb56d103",
        "type": "github"
      },
      "original": {
        "owner": "antosha417",
        "repo": "nvim-lsp-file-operations",
        "type": "github"
      }
    },
    "nvim-sqls-src": {
      "flake": false,
      "locked": {
        "lastModified": 1684697500,
        "narHash": "sha256-jKFut6NZAf/eIeIkY7/2EsjsIhvZQKCKAJzeQ6XSr0s=",
        "owner": "nanotee",
        "repo": "sqls.nvim",
        "rev": "4b1274b5b44c48ce784aac23747192f5d9d26207",
        "type": "github"
      },
      "original": {
        "owner": "nanotee",
        "repo": "sqls.nvim",
        "type": "github"
      }
    },
    "root": {
      "inputs": {
        "darwin": "darwin",
        "home-manager": "home-manager",
        "mac-app-util": "mac-app-util",
        "nixpkgs": "nixpkgs",
        "nixpkgs-firefox-darwin": "nixpkgs-firefox-darwin",
        "nur": "nur",
        "vim-plugins": "vim-plugins",
        "zjstatus": "zjstatus"
      }
    },
    "rust-overlay": {
      "inputs": {
        "nixpkgs": [
          "zjstatus",
          "nixpkgs"
        ]
      },
      "locked": {
        "lastModified": 1728095260,
        "narHash": "sha256-X62hA5ivYLY5G5+mXI6l9eUDkgi6Wu/7QUrwXhJ09oo=",
        "owner": "oxalica",
        "repo": "rust-overlay",
        "rev": "d1d2532ab267cfe6e40dff73fbaf34436c406d26",
        "type": "github"
      },
      "original": {
        "owner": "oxalica",
        "repo": "rust-overlay",
        "type": "github"
      }
    },
    "systems": {
      "locked": {
        "lastModified": 1681028828,
        "narHash": "sha256-Vy1rq5AaRuLzOxct8nz4T6wlgyUR7zLU309k9mBC768=",
        "owner": "nix-systems",
        "repo": "default",
        "rev": "da67096a3b9bf56a91d16901293e51ba5b49a27e",
        "type": "github"
      },
      "original": {
        "owner": "nix-systems",
        "repo": "default",
        "type": "github"
      }
    },
    "systems_2": {
      "locked": {
        "lastModified": 1681028828,
        "narHash": "sha256-Vy1rq5AaRuLzOxct8nz4T6wlgyUR7zLU309k9mBC768=",
        "owner": "nix-systems",
        "repo": "default",
        "rev": "da67096a3b9bf56a91d16901293e51ba5b49a27e",
        "type": "github"
      },
      "original": {
        "owner": "nix-systems",
        "repo": "default",
        "type": "github"
      }
    },
    "vim-plugins": {
      "inputs": {
        "nvim-blame-src": "nvim-blame-src",
        "nvim-dadbod-ssh": "nvim-dadbod-ssh",
        "nvim-lsp-file-operations-src": "nvim-lsp-file-operations-src",
        "nvim-sqls-src": "nvim-sqls-src"
      },
      "locked": {
        "lastModified": 1728759857,
        "narHash": "sha256-/8aFM77tNIR71F50vSmQV/L7BHusorsqFY/dhf2LQxI=",
        "path": "/Users/nixypanda/.dotfiles/modules/nvim/plugins",
        "type": "path"
      },
      "original": {
        "path": "/Users/nixypanda/.dotfiles/modules/nvim/plugins",
        "type": "path"
      }
    },
    "zjstatus": {
      "inputs": {
        "crane": "crane",
        "flake-utils": "flake-utils_2",
        "nixpkgs": [
          "nixpkgs"
        ],
        "rust-overlay": "rust-overlay"
      },
      "locked": {
        "lastModified": 1728141581,
        "narHash": "sha256-+wg0Avbw/MC2x3CQK4LyJHCPf+oPllJZzU2p+S/B7MU=",
        "owner": "dj95",
        "repo": "zjstatus",
        "rev": "6d13e481aceacd3efe583fb6c442f30e8909f555",
        "type": "github"
      },
      "original": {
        "owner": "dj95",
        "repo": "zjstatus",
        "type": "github"
      }
    }
  },
  "root": "root",
  "version": 7
}
