{
  "nodes": {
    "root": {
      "inputs": {
        "unstable": "unstable"
      }
    },
    "unstable": {
      "locked": {
        "lastModified": 1605171959,
        "narHash": "sha256-JIM7QrQ2jpnA6qRfP8MzXD8USiWYStfL9Cssz01QvMw=",
        "owner": "NixOS",
        "repo": "nixpkgs",
        "rev": "a371c1071161104d329f6a85d922fd92b7cbab63",
        "type": "github"
      },
      "original": {
        "owner": "NixOS",
        "ref": "nixos-unstable",
        "repo": "nixpkgs",
        "type": "github"
      }
    }
  },
  "root": "root",
  "version": 7
}
