{
  "nodes": {
    "nixpkgs": {
      "locked": {
        "lastModified": 1641285291,
        "narHash": "sha256-KYaOBNGar3XWTxTsYPr9P6u74KAqNq0wobEC236U+0c=",
        "owner": "nixos",
        "repo": "nixpkgs",
        "rev": "0432195a4b8d68faaa7d3d4b355260a3120aeeae",
        "type": "github"
      },
      "original": {
        "owner": "nixos",
        "ref": "nixpkgs-unstable",
        "repo": "nixpkgs",
        "type": "github"
      }
    },
    "root": {
      "inputs": {
        "nixpkgs": "nixpkgs"
      }
    }
  },
  "root": "root",
  "version": 7
}
