{
  "nodes": {
    "home-manager": {
      "inputs": {
        "nixpkgs": "nixpkgs"
      },
      "locked": {
        "lastModified": 1652996682,
        "narHash": "sha256-7ZWyd5W2tM/uxXGn16AJUXenlGPUt/r6zitEcorz5j0=",
        "owner": "nix-community",
        "repo": "home-manager",
        "rev": "02b15de8ad714409358cffdc6ed518ade03402c4",
        "type": "github"
      },
      "original": {
        "owner": "nix-community",
        "repo": "home-manager",
        "type": "github"
      }
    },
    "nixpkgs": {
      "locked": {
        "lastModified": 1652840887,
        "narHash": "sha256-gEK4NNa4GwIgTZE63kt/4WTFAWRTJVSa30+h4ZjFh9U=",
        "owner": "NixOS",
        "repo": "nixpkgs",
        "rev": "52dc75a4fee3fdbcb792cb6fba009876b912bfe0",
        "type": "github"
      },
      "original": {
        "id": "nixpkgs",
        "type": "indirect"
      }
    },
    "nixpkgs_2": {
      "locked": {
        "lastModified": 1652840887,
        "narHash": "sha256-gEK4NNa4GwIgTZE63kt/4WTFAWRTJVSa30+h4ZjFh9U=",
        "owner": "nixos",
        "repo": "nixpkgs",
        "rev": "52dc75a4fee3fdbcb792cb6fba009876b912bfe0",
        "type": "github"
      },
      "original": {
        "owner": "nixos",
        "ref": "nixpkgs-unstable",
        "repo": "nixpkgs",
        "type": "github"
      }
    },
    "nur": {
      "locked": {
        "lastModified": 1653136000,
        "narHash": "sha256-VE2PJR1EO8QmTPyC5AJJxIb8YI+a8R4J+xwHvkB/pWg=",
        "owner": "nix-community",
        "repo": "NUR",
        "rev": "6e0ba57d9579bfc2ff652cd7c4d725423f76a8c4",
        "type": "github"
      },
      "original": {
        "owner": "nix-community",
        "repo": "NUR",
        "type": "github"
      }
    },
    "nvim-alpha-src": {
      "flake": false,
      "locked": {
        "lastModified": 1650598953,
        "narHash": "sha256-GA+fIfVlHOllojGyErYGC0+zyYTl9rOxendqOgApJw4=",
        "owner": "goolord",
        "repo": "alpha-nvim",
        "rev": "4781fcfea5ddc1a92d41b32dc325132ed6fce7a8",
        "type": "github"
      },
      "original": {
        "owner": "goolord",
        "repo": "alpha-nvim",
        "type": "github"
      }
    },
    "nvim-cmp-copilot-src": {
      "flake": false,
      "locked": {
        "lastModified": 1649687630,
        "narHash": "sha256-2j3Y2vvBHXLD+fPH7fbvjKadd6X/uuHI0ajkjTJR35I=",
        "owner": "hrsh7th",
        "repo": "cmp-copilot",
        "rev": "1f3f31c54bd71e41ed157430702bc2837ea582ab",
        "type": "github"
      },
      "original": {
        "owner": "hrsh7th",
        "repo": "cmp-copilot",
        "type": "github"
      }
    },
    "nvim-copilot": {
      "flake": false,
      "locked": {
        "lastModified": 1653080357,
        "narHash": "sha256-MdYAGf0Vm7Jr/qe/i2B8s6/D/ky3PuqGSc4mhFY9y14=",
        "owner": "github",
        "repo": "copilot.vim",
        "rev": "ad102c7a58356414f18680f60c2298246e41ccea",
        "type": "github"
      },
      "original": {
        "owner": "github",
        "repo": "copilot.vim",
        "type": "github"
      }
    },
    "nvim-dap-python-src": {
      "flake": false,
      "locked": {
        "lastModified": 1651259921,
        "narHash": "sha256-hP83FpBrtJYWYrrdhktii2GX0dEwMXA7XSvpl1k7O1c=",
        "owner": "mfussenegger",
        "repo": "nvim-dap-python",
        "rev": "d96bcbf3803283456c900cf25ab0995e8d2f00c0",
        "type": "github"
      },
      "original": {
        "owner": "mfussenegger",
        "repo": "nvim-dap-python",
        "type": "github"
      }
    },
    "nvim-fidget-src": {
      "flake": false,
      "locked": {
        "lastModified": 1653063468,
        "narHash": "sha256-0Z2fIEqDQzR8iNQtX+J7qE8TVg7xhvenYbUdOkUPC/g=",
        "owner": "j-hui",
        "repo": "fidget.nvim",
        "rev": "37d536bbbee47222ddfeca0e8186e8ee6884f9a2",
        "type": "github"
      },
      "original": {
        "owner": "j-hui",
        "repo": "fidget.nvim",
        "type": "github"
      }
    },
    "nvim-lspsaga-src": {
      "flake": false,
      "locked": {
        "lastModified": 1652917332,
        "narHash": "sha256-FqOCZd4XoECP/4+AkJY3LTceB1ZkTb6QB3mpvB6qvic=",
        "owner": "tami5",
        "repo": "lspsaga.nvim",
        "rev": "39b6faccb57fd640a06c7d73a30507b13263fcbf",
        "type": "github"
      },
      "original": {
        "owner": "tami5",
        "repo": "lspsaga.nvim",
        "type": "github"
      }
    },
    "nvim-sqls-src": {
      "flake": false,
      "locked": {
        "lastModified": 1652904528,
        "narHash": "sha256-5+MTd0RmYX065UzwKN+HvtOoGnQsM5S1D1Oh79gGF7A=",
        "owner": "nanotee",
        "repo": "sqls.nvim",
        "rev": "6592b0cb7fb52746c7650d19a66ac60ff0f9ba08",
        "type": "github"
      },
      "original": {
        "owner": "nanotee",
        "repo": "sqls.nvim",
        "type": "github"
      }
    },
    "nvim-yuck-src": {
      "flake": false,
      "locked": {
        "lastModified": 1628507071,
        "narHash": "sha256-lp7qJWkvelVfoLCyI0aAiajTC+0W1BzDhmtta7tnICE=",
        "owner": "elkowar",
        "repo": "yuck.vim",
        "rev": "6dc3da77c53820c32648cf67cbdbdfb6994f4e08",
        "type": "github"
      },
      "original": {
        "owner": "elkowar",
        "repo": "yuck.vim",
        "type": "github"
      }
    },
    "root": {
      "inputs": {
        "home-manager": "home-manager",
        "nixpkgs": "nixpkgs_2",
        "nur": "nur",
        "nvim-alpha-src": "nvim-alpha-src",
        "nvim-cmp-copilot-src": "nvim-cmp-copilot-src",
        "nvim-copilot": "nvim-copilot",
        "nvim-dap-python-src": "nvim-dap-python-src",
        "nvim-fidget-src": "nvim-fidget-src",
        "nvim-lspsaga-src": "nvim-lspsaga-src",
        "nvim-sqls-src": "nvim-sqls-src",
        "nvim-yuck-src": "nvim-yuck-src"
      }
    }
  },
  "root": "root",
  "version": 7
}
