{
  "nodes": {
    "flake-compat": {
      "flake": false,
      "locked": {
        "lastModified": 1606424373,
        "narHash": "sha256-oq8d4//CJOrVj+EcOaSXvMebvuTkmBJuT5tzlfewUnQ=",
        "owner": "edolstra",
        "repo": "flake-compat",
        "rev": "99f1c2157fba4bfe6211a321fd0ee43199025dbf",
        "type": "github"
      },
      "original": {
        "owner": "edolstra",
        "repo": "flake-compat",
        "type": "github"
      }
    },
    "flake-utils": {
      "locked": {
        "lastModified": 1610051610,
        "narHash": "sha256-U9rPz/usA1/Aohhk7Cmc2gBrEEKRzcW4nwPWMPwja4Y=",
        "owner": "numtide",
        "repo": "flake-utils",
        "rev": "3982c9903e93927c2164caa727cd3f6a0e6d14cc",
        "type": "github"
      },
      "original": {
        "owner": "numtide",
        "repo": "flake-utils",
        "type": "github"
      }
    },
    "home-manager": {
      "inputs": {
        "nixpkgs": "nixpkgs"
      },
      "locked": {
        "lastModified": 1621291660,
        "narHash": "sha256-iQsVeXl2vmTtAo7KuzFicDb/8dyUn0dJK+MyTHNq5ZM=",
        "owner": "nix-community",
        "repo": "home-manager",
        "rev": "f9e45390deced72bc7cc0b75d3a922aa10a33e08",
        "type": "github"
      },
      "original": {
        "owner": "nix-community",
        "repo": "home-manager",
        "type": "github"
      }
    },
    "neovim-flake": {
      "inputs": {
        "flake-utils": "flake-utils",
        "nixpkgs": [
          "nixpkgs"
        ]
      },
      "locked": {
        "dir": "contrib",
        "lastModified": 1621323438,
        "narHash": "sha256-pczGTgVGMLke9w+7t87egrH8PbNiRfZPX7QatGcApo0=",
        "owner": "neovim",
        "repo": "neovim",
        "rev": "c40de6e5f5898943e0a77590694e9ce890e49995",
        "type": "github"
      },
      "original": {
        "dir": "contrib",
        "owner": "neovim",
        "repo": "neovim",
        "type": "github"
      }
    },
    "neovim-nightly-overlay": {
      "inputs": {
        "flake-compat": "flake-compat",
        "neovim-flake": "neovim-flake",
        "nixpkgs": "nixpkgs_2"
      },
      "locked": {
        "lastModified": 1621328287,
        "narHash": "sha256-nX0x/raksCV481koWTBUYsCdNMUBAVLse//pKld6hBQ=",
        "owner": "nix-community",
        "repo": "neovim-nightly-overlay",
        "rev": "6d7aa865f958bd86ae57de153d349055d8bdfee2",
        "type": "github"
      },
      "original": {
        "owner": "nix-community",
        "repo": "neovim-nightly-overlay",
        "type": "github"
      }
    },
    "nixpkgs": {
      "locked": {
        "lastModified": 1621329157,
        "narHash": "sha256-olq1/TvOXaUp2IegrFkPFSAiUPeIpJND8xM5ZykGOlc=",
        "owner": "NixOS",
        "repo": "nixpkgs",
        "rev": "a1d1f086c75554efdc9017d40590560abd8bbfc7",
        "type": "github"
      },
      "original": {
        "id": "nixpkgs",
        "type": "indirect"
      }
    },
    "nixpkgs_2": {
      "locked": {
        "lastModified": 1621073999,
        "narHash": "sha256-Cp99YreSFedcWovxNmO8g8qFYltQQJPRLfuot6Z7iGE=",
        "owner": "nixos",
        "repo": "nixpkgs",
        "rev": "83d907fd760d9ee4f49b4b7e4b1c6682f137b573",
        "type": "github"
      },
      "original": {
        "owner": "nixos",
        "ref": "nixos-unstable",
        "repo": "nixpkgs",
        "type": "github"
      }
    },
    "nixpkgs_3": {
      "locked": {
        "lastModified": 1621169420,
        "narHash": "sha256-NKFX7QhxRQkaw0+NjcZ6N+cYpDs7gkpMHxNC8QHkprg=",
        "owner": "nixos",
        "repo": "nixpkgs",
        "rev": "c58b97674b12d238d9d21e8ab9ee9d7a6b81ae8f",
        "type": "github"
      },
      "original": {
        "owner": "nixos",
        "ref": "nixpkgs-unstable",
        "repo": "nixpkgs",
        "type": "github"
      }
    },
    "nur": {
      "locked": {
        "lastModified": 1621311058,
        "narHash": "sha256-XE/pLmneRnUaLPQyMKUYF8u5uXlIVvy96x+c5+06UVI=",
        "owner": "nix-community",
        "repo": "NUR",
        "rev": "065b26d87e6d2067b490b88696279d22042c3a41",
        "type": "github"
      },
      "original": {
        "owner": "nix-community",
        "repo": "NUR",
        "type": "github"
      }
    },
    "root": {
      "inputs": {
        "home-manager": "home-manager",
        "neovim-nightly-overlay": "neovim-nightly-overlay",
        "nixpkgs": "nixpkgs_3",
        "nur": "nur"
      }
    }
  },
  "root": "root",
  "version": 7
}
