{
  "nodes": {
    "flake-compat": {
      "flake": false,
      "locked": {
        "lastModified": 1606424373,
        "narHash": "sha256-oq8d4//CJOrVj+EcOaSXvMebvuTkmBJuT5tzlfewUnQ=",
        "owner": "edolstra",
        "repo": "flake-compat",
        "rev": "99f1c2157fba4bfe6211a321fd0ee43199025dbf",
        "type": "github"
      },
      "original": {
        "owner": "edolstra",
        "repo": "flake-compat",
        "type": "github"
      }
    },
    "flake-utils": {
      "locked": {
        "lastModified": 1610051610,
        "narHash": "sha256-U9rPz/usA1/Aohhk7Cmc2gBrEEKRzcW4nwPWMPwja4Y=",
        "owner": "numtide",
        "repo": "flake-utils",
        "rev": "3982c9903e93927c2164caa727cd3f6a0e6d14cc",
        "type": "github"
      },
      "original": {
        "owner": "numtide",
        "repo": "flake-utils",
        "type": "github"
      }
    },
    "home-manager": {
      "inputs": {
        "nixpkgs": "nixpkgs"
      },
      "locked": {
        "lastModified": 1621794721,
        "narHash": "sha256-JXfTSZUu9EVbT9D/MFsx0cXfa8bw1NFCzIxZ7gO73Uo=",
        "owner": "nix-community",
        "repo": "home-manager",
        "rev": "90493027e33ba9eb3f50dc1da365d0e4ca31bf14",
        "type": "github"
      },
      "original": {
        "owner": "nix-community",
        "repo": "home-manager",
        "type": "github"
      }
    },
    "neovim-flake": {
      "inputs": {
        "flake-utils": "flake-utils",
        "nixpkgs": [
          "nixpkgs"
        ]
      },
      "locked": {
        "dir": "contrib",
        "lastModified": 1621889954,
        "narHash": "sha256-IxUla/vJu1h0Dlx1j++8ymkXpZA57eGBvjU4WU7+kw0=",
        "owner": "neovim",
        "repo": "neovim",
        "rev": "a282a177d3320db25fa8f854cbcdbe0bc6abde7f",
        "type": "github"
      },
      "original": {
        "dir": "contrib",
        "owner": "neovim",
        "repo": "neovim",
        "type": "github"
      }
    },
    "neovim-nightly-overlay": {
      "inputs": {
        "flake-compat": "flake-compat",
        "neovim-flake": "neovim-flake",
        "nixpkgs": "nixpkgs_2"
      },
      "locked": {
        "lastModified": 1621930873,
        "narHash": "sha256-A1JvtwHzNsAmD42SL6BneAwDxrc8K+g+ULoYzfQgQsw=",
        "owner": "nix-community",
        "repo": "neovim-nightly-overlay",
        "rev": "125b7af69ec99e79749877cd820d614f35a64a29",
        "type": "github"
      },
      "original": {
        "owner": "nix-community",
        "repo": "neovim-nightly-overlay",
        "type": "github"
      }
    },
    "nixpkgs": {
      "locked": {
        "lastModified": 1621995108,
        "narHash": "sha256-v96rMoo7mMRhAK3R5Kg+WyQ21UBWcCman39DYgqRmt8=",
        "owner": "NixOS",
        "repo": "nixpkgs",
        "rev": "ec43b5fb2735c91496385e1381db54fd58444c57",
        "type": "github"
      },
      "original": {
        "id": "nixpkgs",
        "type": "indirect"
      }
    },
    "nixpkgs_2": {
      "locked": {
        "lastModified": 1621840840,
        "narHash": "sha256-o6h6+d5ZwrFmOTe+ma9s1Z9kyHsCW1C84IA8RZ9/fIU=",
        "owner": "nixos",
        "repo": "nixpkgs",
        "rev": "ea7d4aa9b8225abd6147339f0d56675d6f1f0fd1",
        "type": "github"
      },
      "original": {
        "owner": "nixos",
        "ref": "nixos-unstable",
        "repo": "nixpkgs",
        "type": "github"
      }
    },
    "nixpkgs_3": {
      "locked": {
        "lastModified": 1621714816,
        "narHash": "sha256-u6Rhw+1uwaTXThZWuySv9JPXzNuKI9Fmj36g4kb2Ojc=",
        "owner": "nixos",
        "repo": "nixpkgs",
        "rev": "278bcdce1f0da616661a6205161b13bd89a2f3bf",
        "type": "github"
      },
      "original": {
        "owner": "nixos",
        "ref": "nixpkgs-unstable",
        "repo": "nixpkgs",
        "type": "github"
      }
    },
    "nur": {
      "locked": {
        "lastModified": 1621990859,
        "narHash": "sha256-/5K760NyCRL4ozGtYCveEV79nH54zk0wYRhWgGUkKDU=",
        "owner": "nix-community",
        "repo": "NUR",
        "rev": "9c4ce5f539e4450c2bd6347ff1fdb276879ba999",
        "type": "github"
      },
      "original": {
        "owner": "nix-community",
        "repo": "NUR",
        "type": "github"
      }
    },
    "root": {
      "inputs": {
        "home-manager": "home-manager",
        "neovim-nightly-overlay": "neovim-nightly-overlay",
        "nixpkgs": "nixpkgs_3",
        "nur": "nur"
      }
    }
  },
  "root": "root",
  "version": 7
}
